// !$*UTF8*$!
{
	archiveVersion = 1;
	classes = {
	};
	objectVersion = 52;
	objects = {

/* Begin PBXBuildFile section */
		1D17D3B725BC478600B71103 /* BookDeailViewController.swift in Sources */ = {isa = PBXBuildFile; fileRef = 1D17D3B625BC478600B71103 /* BookDeailViewController.swift */; };
		1D17D3C025BC4D8200B71103 /* BookDeatilInfoTableViewCell.swift in Sources */ = {isa = PBXBuildFile; fileRef = 1D17D3BF25BC4D8200B71103 /* BookDeatilInfoTableViewCell.swift */; };
		1D17D3C525BC4D9E00B71103 /* UserMemoTableViewCell.swift in Sources */ = {isa = PBXBuildFile; fileRef = 1D17D3C425BC4D9E00B71103 /* UserMemoTableViewCell.swift */; };
		1D17D3CF25BC5C9B00B71103 /* BookDeailViewModel.swift in Sources */ = {isa = PBXBuildFile; fileRef = 1D17D3CE25BC5C9B00B71103 /* BookDeailViewModel.swift */; };
		1D4E5FCD25B5D3FC003BA24F /* AppDelegate.swift in Sources */ = {isa = PBXBuildFile; fileRef = 1D4E5FCC25B5D3FC003BA24F /* AppDelegate.swift */; };
		1D4E5FCF25B5D3FC003BA24F /* SceneDelegate.swift in Sources */ = {isa = PBXBuildFile; fileRef = 1D4E5FCE25B5D3FC003BA24F /* SceneDelegate.swift */; };
		1D4E5FD125B5D3FC003BA24F /* BookShlefViewController.swift in Sources */ = {isa = PBXBuildFile; fileRef = 1D4E5FD025B5D3FC003BA24F /* BookShlefViewController.swift */; };
		1D4E5FD425B5D3FC003BA24F /* Main.storyboard in Resources */ = {isa = PBXBuildFile; fileRef = 1D4E5FD225B5D3FC003BA24F /* Main.storyboard */; };
		1D4E5FD625B5D3FE003BA24F /* Assets.xcassets in Resources */ = {isa = PBXBuildFile; fileRef = 1D4E5FD525B5D3FE003BA24F /* Assets.xcassets */; };
		1D4E5FD925B5D3FE003BA24F /* LaunchScreen.storyboard in Resources */ = {isa = PBXBuildFile; fileRef = 1D4E5FD725B5D3FE003BA24F /* LaunchScreen.storyboard */; };
		1D4E5FE425B5D3FE003BA24F /* ITBookShelfTests.swift in Sources */ = {isa = PBXBuildFile; fileRef = 1D4E5FE325B5D3FE003BA24F /* ITBookShelfTests.swift */; };
		1D4E60A125B768D4003BA24F /* Model.swift in Sources */ = {isa = PBXBuildFile; fileRef = 1D4E60A025B768D4003BA24F /* Model.swift */; };
		1D4E60B525B778F7003BA24F /* BookShelfViewModel.swift in Sources */ = {isa = PBXBuildFile; fileRef = 1D4E60B425B778F7003BA24F /* BookShelfViewModel.swift */; };
		1D4E60D625B811D4003BA24F /* BookInfoCollectionViewCell.swift in Sources */ = {isa = PBXBuildFile; fileRef = 1D4E60D425B811D4003BA24F /* BookInfoCollectionViewCell.swift */; };
		1D55545A25B95C3D00FB7EFF /* BookInfoCollectionViewCell.xib in Resources */ = {isa = PBXBuildFile; fileRef = 1D55545825B95C3D00FB7EFF /* BookInfoCollectionViewCell.xib */; };
		1D6F80DE25BC9A5D002CE0E7 /* PDFViewController.swift in Sources */ = {isa = PBXBuildFile; fileRef = 1D6F80DC25BC9A5D002CE0E7 /* PDFViewController.swift */; };
		1D6F80DF25BC9A5D002CE0E7 /* PDFViewController.xib in Resources */ = {isa = PBXBuildFile; fileRef = 1D6F80DD25BC9A5D002CE0E7 /* PDFViewController.xib */; };
		1D917A8F25BC9E5900F5D0D7 /* PDFViewModel.swift in Sources */ = {isa = PBXBuildFile; fileRef = 1D917A8E25BC9E5900F5D0D7 /* PDFViewModel.swift */; };
		1DA9D12925B979D000AB07B8 /* BookShelfConstants.swift in Sources */ = {isa = PBXBuildFile; fileRef = 1DA9D12825B979D000AB07B8 /* BookShelfConstants.swift */; };
		1DA9D13525B97D1C00AB07B8 /* SearchResultViewController.swift in Sources */ = {isa = PBXBuildFile; fileRef = 1DA9D13325B97D1C00AB07B8 /* SearchResultViewController.swift */; };
		1DA9D13625B97D1C00AB07B8 /* SearchResultViewController.xib in Resources */ = {isa = PBXBuildFile; fileRef = 1DA9D13425B97D1C00AB07B8 /* SearchResultViewController.xib */; };
		1DB3A7C325B8294F00830091 /* BaseCell.swift in Sources */ = {isa = PBXBuildFile; fileRef = 1DB3A7C225B8294F00830091 /* BaseCell.swift */; };
		1DC42B1725B8658D00C41DF9 /* BookShlefViewController+CollectionView.swift in Sources */ = {isa = PBXBuildFile; fileRef = 1DC42B1625B8658D00C41DF9 /* BookShlefViewController+CollectionView.swift */; };
		1DC9D44E25B9896B00A17C7D /* SearchResultViewModel.swift in Sources */ = {isa = PBXBuildFile; fileRef = 1DC9D44D25B9896B00A17C7D /* SearchResultViewModel.swift */; };
		1DC9D47825B9C39800A17C7D /* BaseViewController.swift in Sources */ = {isa = PBXBuildFile; fileRef = 1DC9D47725B9C39800A17C7D /* BaseViewController.swift */; };
		1DE410912647D44C001013A5 /* LoadingView.swift in Sources */ = {isa = PBXBuildFile; fileRef = 1DE410902647D44C001013A5 /* LoadingView.swift */; };
		1DE410952647D499001013A5 /* UIImageView+Extensions.swift in Sources */ = {isa = PBXBuildFile; fileRef = 1DE410942647D499001013A5 /* UIImageView+Extensions.swift */; };
		1DE410992647D7A9001013A5 /* CoreModular in Frameworks */ = {isa = PBXBuildFile; productRef = 1DE410982647D7A9001013A5 /* CoreModular */; };
		1DE4109A2647D7A9001013A5 /* CoreModular in Embed Frameworks */ = {isa = PBXBuildFile; productRef = 1DE410982647D7A9001013A5 /* CoreModular */; settings = {ATTRIBUTES = (CodeSignOnCopy, ); }; };
/* End PBXBuildFile section */

/* Begin PBXContainerItemProxy section */
		1D4E5FE025B5D3FE003BA24F /* PBXContainerItemProxy */ = {
			isa = PBXContainerItemProxy;
			containerPortal = 1D4E5FC125B5D3FC003BA24F /* Project object */;
			proxyType = 1;
			remoteGlobalIDString = 1D4E5FC825B5D3FC003BA24F;
			remoteInfo = SendBirdTechChallenge;
		};
/* End PBXContainerItemProxy section */

/* Begin PBXCopyFilesBuildPhase section */
		1DE4108A2647CD69001013A5 /* Embed Frameworks */ = {
			isa = PBXCopyFilesBuildPhase;
			buildActionMask = 2147483647;
			dstPath = "";
			dstSubfolderSpec = 10;
			files = (
				1DE4109A2647D7A9001013A5 /* CoreModular in Embed Frameworks */,
			);
			name = "Embed Frameworks";
			runOnlyForDeploymentPostprocessing = 0;
		};
/* End PBXCopyFilesBuildPhase section */

/* Begin PBXFileReference section */
		1D17D3B625BC478600B71103 /* BookDeailViewController.swift */ = {isa = PBXFileReference; lastKnownFileType = sourcecode.swift; path = BookDeailViewController.swift; sourceTree = "<group>"; };
		1D17D3BF25BC4D8200B71103 /* BookDeatilInfoTableViewCell.swift */ = {isa = PBXFileReference; lastKnownFileType = sourcecode.swift; path = BookDeatilInfoTableViewCell.swift; sourceTree = "<group>"; };
		1D17D3C425BC4D9E00B71103 /* UserMemoTableViewCell.swift */ = {isa = PBXFileReference; lastKnownFileType = sourcecode.swift; path = UserMemoTableViewCell.swift; sourceTree = "<group>"; };
		1D17D3CE25BC5C9B00B71103 /* BookDeailViewModel.swift */ = {isa = PBXFileReference; lastKnownFileType = sourcecode.swift; path = BookDeailViewModel.swift; sourceTree = "<group>"; };
		1D4E5FC925B5D3FC003BA24F /* ITBookShelf.app */ = {isa = PBXFileReference; explicitFileType = wrapper.application; includeInIndex = 0; path = ITBookShelf.app; sourceTree = BUILT_PRODUCTS_DIR; };
		1D4E5FCC25B5D3FC003BA24F /* AppDelegate.swift */ = {isa = PBXFileReference; lastKnownFileType = sourcecode.swift; path = AppDelegate.swift; sourceTree = "<group>"; };
		1D4E5FCE25B5D3FC003BA24F /* SceneDelegate.swift */ = {isa = PBXFileReference; lastKnownFileType = sourcecode.swift; path = SceneDelegate.swift; sourceTree = "<group>"; };
		1D4E5FD025B5D3FC003BA24F /* BookShlefViewController.swift */ = {isa = PBXFileReference; lastKnownFileType = sourcecode.swift; path = BookShlefViewController.swift; sourceTree = "<group>"; };
		1D4E5FD325B5D3FC003BA24F /* Base */ = {isa = PBXFileReference; lastKnownFileType = file.storyboard; name = Base; path = Base.lproj/Main.storyboard; sourceTree = "<group>"; };
		1D4E5FD525B5D3FE003BA24F /* Assets.xcassets */ = {isa = PBXFileReference; lastKnownFileType = folder.assetcatalog; path = Assets.xcassets; sourceTree = "<group>"; };
		1D4E5FD825B5D3FE003BA24F /* Base */ = {isa = PBXFileReference; lastKnownFileType = file.storyboard; name = Base; path = Base.lproj/LaunchScreen.storyboard; sourceTree = "<group>"; };
		1D4E5FDA25B5D3FE003BA24F /* Info.plist */ = {isa = PBXFileReference; lastKnownFileType = text.plist.xml; path = Info.plist; sourceTree = "<group>"; };
		1D4E5FDF25B5D3FE003BA24F /* ITBookShelfTests.xctest */ = {isa = PBXFileReference; explicitFileType = wrapper.cfbundle; includeInIndex = 0; path = ITBookShelfTests.xctest; sourceTree = BUILT_PRODUCTS_DIR; };
		1D4E5FE325B5D3FE003BA24F /* ITBookShelfTests.swift */ = {isa = PBXFileReference; lastKnownFileType = sourcecode.swift; path = ITBookShelfTests.swift; sourceTree = "<group>"; };
		1D4E5FE525B5D3FE003BA24F /* Info.plist */ = {isa = PBXFileReference; lastKnownFileType = text.plist.xml; path = Info.plist; sourceTree = "<group>"; };
		1D4E60A025B768D4003BA24F /* Model.swift */ = {isa = PBXFileReference; lastKnownFileType = sourcecode.swift; path = Model.swift; sourceTree = "<group>"; };
		1D4E60B425B778F7003BA24F /* BookShelfViewModel.swift */ = {isa = PBXFileReference; lastKnownFileType = sourcecode.swift; path = BookShelfViewModel.swift; sourceTree = "<group>"; };
		1D4E60D425B811D4003BA24F /* BookInfoCollectionViewCell.swift */ = {isa = PBXFileReference; lastKnownFileType = sourcecode.swift; path = BookInfoCollectionViewCell.swift; sourceTree = "<group>"; };
		1D55545825B95C3D00FB7EFF /* BookInfoCollectionViewCell.xib */ = {isa = PBXFileReference; lastKnownFileType = file.xib; path = BookInfoCollectionViewCell.xib; sourceTree = "<group>"; };
		1D6F80DC25BC9A5D002CE0E7 /* PDFViewController.swift */ = {isa = PBXFileReference; lastKnownFileType = sourcecode.swift; path = PDFViewController.swift; sourceTree = "<group>"; };
		1D6F80DD25BC9A5D002CE0E7 /* PDFViewController.xib */ = {isa = PBXFileReference; lastKnownFileType = file.xib; path = PDFViewController.xib; sourceTree = "<group>"; };
		1D917A8E25BC9E5900F5D0D7 /* PDFViewModel.swift */ = {isa = PBXFileReference; lastKnownFileType = sourcecode.swift; path = PDFViewModel.swift; sourceTree = "<group>"; };
		1DA9D12825B979D000AB07B8 /* BookShelfConstants.swift */ = {isa = PBXFileReference; lastKnownFileType = sourcecode.swift; path = BookShelfConstants.swift; sourceTree = "<group>"; };
		1DA9D13325B97D1C00AB07B8 /* SearchResultViewController.swift */ = {isa = PBXFileReference; lastKnownFileType = sourcecode.swift; path = SearchResultViewController.swift; sourceTree = "<group>"; };
		1DA9D13425B97D1C00AB07B8 /* SearchResultViewController.xib */ = {isa = PBXFileReference; lastKnownFileType = file.xib; path = SearchResultViewController.xib; sourceTree = "<group>"; };
		1DB3A7C225B8294F00830091 /* BaseCell.swift */ = {isa = PBXFileReference; lastKnownFileType = sourcecode.swift; path = BaseCell.swift; sourceTree = "<group>"; };
		1DC42B1625B8658D00C41DF9 /* BookShlefViewController+CollectionView.swift */ = {isa = PBXFileReference; lastKnownFileType = sourcecode.swift; path = "BookShlefViewController+CollectionView.swift"; sourceTree = "<group>"; };
		1DC9D44D25B9896B00A17C7D /* SearchResultViewModel.swift */ = {isa = PBXFileReference; lastKnownFileType = sourcecode.swift; path = SearchResultViewModel.swift; sourceTree = "<group>"; };
		1DC9D47725B9C39800A17C7D /* BaseViewController.swift */ = {isa = PBXFileReference; lastKnownFileType = sourcecode.swift; path = BaseViewController.swift; sourceTree = "<group>"; };
		1DE410902647D44C001013A5 /* LoadingView.swift */ = {isa = PBXFileReference; fileEncoding = 4; lastKnownFileType = sourcecode.swift; path = LoadingView.swift; sourceTree = "<group>"; };
		1DE410942647D499001013A5 /* UIImageView+Extensions.swift */ = {isa = PBXFileReference; fileEncoding = 4; lastKnownFileType = sourcecode.swift; path = "UIImageView+Extensions.swift"; sourceTree = "<group>"; };
/* End PBXFileReference section */

/* Begin PBXFrameworksBuildPhase section */
		1D4E5FC625B5D3FC003BA24F /* Frameworks */ = {
			isa = PBXFrameworksBuildPhase;
			buildActionMask = 2147483647;
			files = (
				1DE410992647D7A9001013A5 /* CoreModular in Frameworks */,
			);
			runOnlyForDeploymentPostprocessing = 0;
		};
		1D4E5FDC25B5D3FE003BA24F /* Frameworks */ = {
			isa = PBXFrameworksBuildPhase;
			buildActionMask = 2147483647;
			files = (
			);
			runOnlyForDeploymentPostprocessing = 0;
		};
/* End PBXFrameworksBuildPhase section */

/* Begin PBXGroup section */
		1D17D3B525BC476600B71103 /* BookDetail */ = {
			isa = PBXGroup;
			children = (
				1D17D3BE25BC4D4E00B71103 /* Cell */,
				1D17D3B625BC478600B71103 /* BookDeailViewController.swift */,
				1D17D3CE25BC5C9B00B71103 /* BookDeailViewModel.swift */,
			);
			path = BookDetail;
			sourceTree = "<group>";
		};
		1D17D3BE25BC4D4E00B71103 /* Cell */ = {
			isa = PBXGroup;
			children = (
				1D17D3BF25BC4D8200B71103 /* BookDeatilInfoTableViewCell.swift */,
				1D17D3C425BC4D9E00B71103 /* UserMemoTableViewCell.swift */,
			);
			path = Cell;
			sourceTree = "<group>";
		};
		1D4E5FC025B5D3FC003BA24F = {
			isa = PBXGroup;
			children = (
				1D4E5FCB25B5D3FC003BA24F /* ITBookShelf */,
				1D4E5FE225B5D3FE003BA24F /* ITBookShelfTests */,
				1D4E5FCA25B5D3FC003BA24F /* Products */,
				1DE410802647CC00001013A5 /* Frameworks */,
			);
			sourceTree = "<group>";
		};
		1D4E5FCA25B5D3FC003BA24F /* Products */ = {
			isa = PBXGroup;
			children = (
				1D4E5FC925B5D3FC003BA24F /* ITBookShelf.app */,
				1D4E5FDF25B5D3FE003BA24F /* ITBookShelfTests.xctest */,
			);
			name = Products;
			sourceTree = "<group>";
		};
		1D4E5FCB25B5D3FC003BA24F /* ITBookShelf */ = {
			isa = PBXGroup;
			children = (
				1DE4108F2647D437001013A5 /* Utility */,
				1D4E609C25B76632003BA24F /* Feature */,
				1D4E5FCC25B5D3FC003BA24F /* AppDelegate.swift */,
				1D4E5FCE25B5D3FC003BA24F /* SceneDelegate.swift */,
				1D4E5FD225B5D3FC003BA24F /* Main.storyboard */,
				1D4E5FD525B5D3FE003BA24F /* Assets.xcassets */,
				1D4E5FD725B5D3FE003BA24F /* LaunchScreen.storyboard */,
				1D4E5FDA25B5D3FE003BA24F /* Info.plist */,
			);
			path = ITBookShelf;
			sourceTree = "<group>";
		};
		1D4E5FE225B5D3FE003BA24F /* ITBookShelfTests */ = {
			isa = PBXGroup;
			children = (
				1D4E5FE325B5D3FE003BA24F /* ITBookShelfTests.swift */,
				1D4E5FE525B5D3FE003BA24F /* Info.plist */,
			);
			path = ITBookShelfTests;
			sourceTree = "<group>";
		};
		1D4E609025B7656D003BA24F /* Model */ = {
			isa = PBXGroup;
			children = (
				1D4E60A025B768D4003BA24F /* Model.swift */,
			);
			path = Model;
			sourceTree = "<group>";
		};
		1D4E609C25B76632003BA24F /* Feature */ = {
			isa = PBXGroup;
			children = (
				1DE4109C2647D9C4001013A5 /* Base */,
				1D4E609025B7656D003BA24F /* Model */,
				1D4E60D325B81159003BA24F /* BookShelf */,
				1D17D3B525BC476600B71103 /* BookDetail */,
				1D6F80DB25BC9A24002CE0E7 /* PDF */,
			);
			path = Feature;
			sourceTree = "<group>";
		};
		1D4E60D325B81159003BA24F /* BookShelf */ = {
			isa = PBXGroup;
			children = (
				1DC9D45725B995A400A17C7D /* Cell */,
				1DA9D12825B979D000AB07B8 /* BookShelfConstants.swift */,
				1D4E5FD025B5D3FC003BA24F /* BookShlefViewController.swift */,
				1DC42B1625B8658D00C41DF9 /* BookShlefViewController+CollectionView.swift */,
				1D4E60B425B778F7003BA24F /* BookShelfViewModel.swift */,
				1DC42B2425B94DF100C41DF9 /* SearchResult */,
			);
			path = BookShelf;
			sourceTree = "<group>";
		};
		1D6F80DB25BC9A24002CE0E7 /* PDF */ = {
			isa = PBXGroup;
			children = (
				1D6F80DC25BC9A5D002CE0E7 /* PDFViewController.swift */,
				1D917A8E25BC9E5900F5D0D7 /* PDFViewModel.swift */,
				1D6F80DD25BC9A5D002CE0E7 /* PDFViewController.xib */,
			);
			path = PDF;
			sourceTree = "<group>";
		};
		1DC42B2425B94DF100C41DF9 /* SearchResult */ = {
			isa = PBXGroup;
			children = (
				1DA9D13325B97D1C00AB07B8 /* SearchResultViewController.swift */,
				1DC9D44D25B9896B00A17C7D /* SearchResultViewModel.swift */,
				1DA9D13425B97D1C00AB07B8 /* SearchResultViewController.xib */,
			);
			path = SearchResult;
			sourceTree = "<group>";
		};
		1DC9D45725B995A400A17C7D /* Cell */ = {
			isa = PBXGroup;
			children = (
				1D4E60D425B811D4003BA24F /* BookInfoCollectionViewCell.swift */,
				1D55545825B95C3D00FB7EFF /* BookInfoCollectionViewCell.xib */,
			);
			path = Cell;
			sourceTree = "<group>";
		};
		1DE410802647CC00001013A5 /* Frameworks */ = {
			isa = PBXGroup;
			children = (
			);
			name = Frameworks;
			sourceTree = "<group>";
		};
		1DE4108F2647D437001013A5 /* Utility */ = {
			isa = PBXGroup;
			children = (
				1DE410932647D484001013A5 /* Extensions */,
				1DE410902647D44C001013A5 /* LoadingView.swift */,
			);
			path = Utility;
			sourceTree = "<group>";
		};
		1DE410932647D484001013A5 /* Extensions */ = {
			isa = PBXGroup;
			children = (
				1DE410942647D499001013A5 /* UIImageView+Extensions.swift */,
			);
			path = Extensions;
			sourceTree = "<group>";
		};
		1DE4109C2647D9C4001013A5 /* Base */ = {
			isa = PBXGroup;
			children = (
				1DC9D47725B9C39800A17C7D /* BaseViewController.swift */,
				1DB3A7C225B8294F00830091 /* BaseCell.swift */,
			);
			path = Base;
			sourceTree = "<group>";
		};
/* End PBXGroup section */

/* Begin PBXNativeTarget section */
		1D4E5FC825B5D3FC003BA24F /* ITBookShelf */ = {
			isa = PBXNativeTarget;
			buildConfigurationList = 1D4E5FF325B5D3FE003BA24F /* Build configuration list for PBXNativeTarget "ITBookShelf" */;
			buildPhases = (
				1D4E5FC525B5D3FC003BA24F /* Sources */,
				1D4E5FC625B5D3FC003BA24F /* Frameworks */,
				1D4E5FC725B5D3FC003BA24F /* Resources */,
				1DE4108A2647CD69001013A5 /* Embed Frameworks */,
			);
			buildRules = (
			);
			dependencies = (
			);
			name = ITBookShelf;
			packageProductDependencies = (
				1DE410982647D7A9001013A5 /* CoreModular */,
			);
			productName = SendBirdTechChallenge;
			productReference = 1D4E5FC925B5D3FC003BA24F /* ITBookShelf.app */;
			productType = "com.apple.product-type.application";
		};
		1D4E5FDE25B5D3FE003BA24F /* ITBookShelfTests */ = {
			isa = PBXNativeTarget;
			buildConfigurationList = 1D4E5FF625B5D3FE003BA24F /* Build configuration list for PBXNativeTarget "ITBookShelfTests" */;
			buildPhases = (
				1D4E5FDB25B5D3FE003BA24F /* Sources */,
				1D4E5FDC25B5D3FE003BA24F /* Frameworks */,
				1D4E5FDD25B5D3FE003BA24F /* Resources */,
			);
			buildRules = (
			);
			dependencies = (
				1D4E5FE125B5D3FE003BA24F /* PBXTargetDependency */,
			);
			name = ITBookShelfTests;
			productName = SendBirdTechChallengeTests;
			productReference = 1D4E5FDF25B5D3FE003BA24F /* ITBookShelfTests.xctest */;
			productType = "com.apple.product-type.bundle.unit-test";
		};
/* End PBXNativeTarget section */

/* Begin PBXProject section */
		1D4E5FC125B5D3FC003BA24F /* Project object */ = {
			isa = PBXProject;
			attributes = {
				LastSwiftUpdateCheck = 1220;
				LastUpgradeCheck = 1220;
				TargetAttributes = {
					1D4E5FC825B5D3FC003BA24F = {
						CreatedOnToolsVersion = 12.2;
					};
					1D4E5FDE25B5D3FE003BA24F = {
						CreatedOnToolsVersion = 12.2;
						TestTargetID = 1D4E5FC825B5D3FC003BA24F;
					};
				};
			};
			buildConfigurationList = 1D4E5FC425B5D3FC003BA24F /* Build configuration list for PBXProject "ITBookShelf" */;
			compatibilityVersion = "Xcode 9.3";
			developmentRegion = en;
			hasScannedForEncodings = 0;
			knownRegions = (
				en,
				Base,
			);
			mainGroup = 1D4E5FC025B5D3FC003BA24F;
			productRefGroup = 1D4E5FCA25B5D3FC003BA24F /* Products */;
			projectDirPath = "";
			projectRoot = "";
			targets = (
				1D4E5FC825B5D3FC003BA24F /* ITBookShelf */,
				1D4E5FDE25B5D3FE003BA24F /* ITBookShelfTests */,
			);
		};
/* End PBXProject section */

/* Begin PBXResourcesBuildPhase section */
		1D4E5FC725B5D3FC003BA24F /* Resources */ = {
			isa = PBXResourcesBuildPhase;
			buildActionMask = 2147483647;
			files = (
				1DA9D13625B97D1C00AB07B8 /* SearchResultViewController.xib in Resources */,
				1D6F80DF25BC9A5D002CE0E7 /* PDFViewController.xib in Resources */,
				1D4E5FD925B5D3FE003BA24F /* LaunchScreen.storyboard in Resources */,
				1D55545A25B95C3D00FB7EFF /* BookInfoCollectionViewCell.xib in Resources */,
				1D4E5FD625B5D3FE003BA24F /* Assets.xcassets in Resources */,
				1D4E5FD425B5D3FC003BA24F /* Main.storyboard in Resources */,
			);
			runOnlyForDeploymentPostprocessing = 0;
		};
		1D4E5FDD25B5D3FE003BA24F /* Resources */ = {
			isa = PBXResourcesBuildPhase;
			buildActionMask = 2147483647;
			files = (
			);
			runOnlyForDeploymentPostprocessing = 0;
		};
/* End PBXResourcesBuildPhase section */

/* Begin PBXSourcesBuildPhase section */
		1D4E5FC525B5D3FC003BA24F /* Sources */ = {
			isa = PBXSourcesBuildPhase;
			buildActionMask = 2147483647;
			files = (
				1D6F80DE25BC9A5D002CE0E7 /* PDFViewController.swift in Sources */,
				1DC42B1725B8658D00C41DF9 /* BookShlefViewController+CollectionView.swift in Sources */,
				1DC9D44E25B9896B00A17C7D /* SearchResultViewModel.swift in Sources */,
				1DA9D13525B97D1C00AB07B8 /* SearchResultViewController.swift in Sources */,
				1D17D3C525BC4D9E00B71103 /* UserMemoTableViewCell.swift in Sources */,
				1DC9D47825B9C39800A17C7D /* BaseViewController.swift in Sources */,
				1DA9D12925B979D000AB07B8 /* BookShelfConstants.swift in Sources */,
				1D4E60A125B768D4003BA24F /* Model.swift in Sources */,
				1D4E60D625B811D4003BA24F /* BookInfoCollectionViewCell.swift in Sources */,
				1DB3A7C325B8294F00830091 /* BaseCell.swift in Sources */,
				1DE410952647D499001013A5 /* UIImageView+Extensions.swift in Sources */,
				1D4E5FD125B5D3FC003BA24F /* BookShlefViewController.swift in Sources */,
				1D17D3CF25BC5C9B00B71103 /* BookDeailViewModel.swift in Sources */,
				1D4E5FCD25B5D3FC003BA24F /* AppDelegate.swift in Sources */,
				1D17D3B725BC478600B71103 /* BookDeailViewController.swift in Sources */,
				1D4E60B525B778F7003BA24F /* BookShelfViewModel.swift in Sources */,
				1D917A8F25BC9E5900F5D0D7 /* PDFViewModel.swift in Sources */,
				1D17D3C025BC4D8200B71103 /* BookDeatilInfoTableViewCell.swift in Sources */,
				1DE410912647D44C001013A5 /* LoadingView.swift in Sources */,
				1D4E5FCF25B5D3FC003BA24F /* SceneDelegate.swift in Sources */,
			);
			runOnlyForDeploymentPostprocessing = 0;
		};
		1D4E5FDB25B5D3FE003BA24F /* Sources */ = {
			isa = PBXSourcesBuildPhase;
			buildActionMask = 2147483647;
			files = (
				1D4E5FE425B5D3FE003BA24F /* ITBookShelfTests.swift in Sources */,
			);
			runOnlyForDeploymentPostprocessing = 0;
		};
/* End PBXSourcesBuildPhase section */

/* Begin PBXTargetDependency section */
		1D4E5FE125B5D3FE003BA24F /* PBXTargetDependency */ = {
			isa = PBXTargetDependency;
			target = 1D4E5FC825B5D3FC003BA24F /* ITBookShelf */;
			targetProxy = 1D4E5FE025B5D3FE003BA24F /* PBXContainerItemProxy */;
		};
/* End PBXTargetDependency section */

/* Begin PBXVariantGroup section */
		1D4E5FD225B5D3FC003BA24F /* Main.storyboard */ = {
			isa = PBXVariantGroup;
			children = (
				1D4E5FD325B5D3FC003BA24F /* Base */,
			);
			name = Main.storyboard;
			sourceTree = "<group>";
		};
		1D4E5FD725B5D3FE003BA24F /* LaunchScreen.storyboard */ = {
			isa = PBXVariantGroup;
			children = (
				1D4E5FD825B5D3FE003BA24F /* Base */,
			);
			name = LaunchScreen.storyboard;
			sourceTree = "<group>";
		};
/* End PBXVariantGroup section */

/* Begin XCBuildConfiguration section */
		1D4E5FF125B5D3FE003BA24F /* Debug */ = {
			isa = XCBuildConfiguration;
			buildSettings = {
				ALWAYS_SEARCH_USER_PATHS = NO;
				CLANG_ANALYZER_NONNULL = YES;
				CLANG_ANALYZER_NUMBER_OBJECT_CONVERSION = YES_AGGRESSIVE;
				CLANG_CXX_LANGUAGE_STANDARD = "gnu++14";
				CLANG_CXX_LIBRARY = "libc++";
				CLANG_ENABLE_MODULES = YES;
				CLANG_ENABLE_OBJC_ARC = YES;
				CLANG_ENABLE_OBJC_WEAK = YES;
				CLANG_WARN_BLOCK_CAPTURE_AUTORELEASING = YES;
				CLANG_WARN_BOOL_CONVERSION = YES;
				CLANG_WARN_COMMA = YES;
				CLANG_WARN_CONSTANT_CONVERSION = YES;
				CLANG_WARN_DEPRECATED_OBJC_IMPLEMENTATIONS = YES;
				CLANG_WARN_DIRECT_OBJC_ISA_USAGE = YES_ERROR;
				CLANG_WARN_DOCUMENTATION_COMMENTS = YES;
				CLANG_WARN_EMPTY_BODY = YES;
				CLANG_WARN_ENUM_CONVERSION = YES;
				CLANG_WARN_INFINITE_RECURSION = YES;
				CLANG_WARN_INT_CONVERSION = YES;
				CLANG_WARN_NON_LITERAL_NULL_CONVERSION = YES;
				CLANG_WARN_OBJC_IMPLICIT_RETAIN_SELF = YES;
				CLANG_WARN_OBJC_LITERAL_CONVERSION = YES;
				CLANG_WARN_OBJC_ROOT_CLASS = YES_ERROR;
				CLANG_WARN_QUOTED_INCLUDE_IN_FRAMEWORK_HEADER = YES;
				CLANG_WARN_RANGE_LOOP_ANALYSIS = YES;
				CLANG_WARN_STRICT_PROTOTYPES = YES;
				CLANG_WARN_SUSPICIOUS_MOVE = YES;
				CLANG_WARN_UNGUARDED_AVAILABILITY = YES_AGGRESSIVE;
				CLANG_WARN_UNREACHABLE_CODE = YES;
				CLANG_WARN__DUPLICATE_METHOD_MATCH = YES;
				COPY_PHASE_STRIP = NO;
				DEBUG_INFORMATION_FORMAT = dwarf;
				ENABLE_STRICT_OBJC_MSGSEND = YES;
				ENABLE_TESTABILITY = YES;
				GCC_C_LANGUAGE_STANDARD = gnu11;
				GCC_DYNAMIC_NO_PIC = NO;
				GCC_NO_COMMON_BLOCKS = YES;
				GCC_OPTIMIZATION_LEVEL = 0;
				GCC_PREPROCESSOR_DEFINITIONS = (
					"DEBUG=1",
					"$(inherited)",
				);
				GCC_WARN_64_TO_32_BIT_CONVERSION = YES;
				GCC_WARN_ABOUT_RETURN_TYPE = YES_ERROR;
				GCC_WARN_UNDECLARED_SELECTOR = YES;
				GCC_WARN_UNINITIALIZED_AUTOS = YES_AGGRESSIVE;
				GCC_WARN_UNUSED_FUNCTION = YES;
				GCC_WARN_UNUSED_VARIABLE = YES;
				IPHONEOS_DEPLOYMENT_TARGET = 14.2;
				MTL_ENABLE_DEBUG_INFO = INCLUDE_SOURCE;
				MTL_FAST_MATH = YES;
				ONLY_ACTIVE_ARCH = YES;
				SDKROOT = iphoneos;
				SWIFT_ACTIVE_COMPILATION_CONDITIONS = DEBUG;
				SWIFT_OPTIMIZATION_LEVEL = "-Onone";
			};
			name = Debug;
		};
		1D4E5FF225B5D3FE003BA24F /* Release */ = {
			isa = XCBuildConfiguration;
			buildSettings = {
				ALWAYS_SEARCH_USER_PATHS = NO;
				CLANG_ANALYZER_NONNULL = YES;
				CLANG_ANALYZER_NUMBER_OBJECT_CONVERSION = YES_AGGRESSIVE;
				CLANG_CXX_LANGUAGE_STANDARD = "gnu++14";
				CLANG_CXX_LIBRARY = "libc++";
				CLANG_ENABLE_MODULES = YES;
				CLANG_ENABLE_OBJC_ARC = YES;
				CLANG_ENABLE_OBJC_WEAK = YES;
				CLANG_WARN_BLOCK_CAPTURE_AUTORELEASING = YES;
				CLANG_WARN_BOOL_CONVERSION = YES;
				CLANG_WARN_COMMA = YES;
				CLANG_WARN_CONSTANT_CONVERSION = YES;
				CLANG_WARN_DEPRECATED_OBJC_IMPLEMENTATIONS = YES;
				CLANG_WARN_DIRECT_OBJC_ISA_USAGE = YES_ERROR;
				CLANG_WARN_DOCUMENTATION_COMMENTS = YES;
				CLANG_WARN_EMPTY_BODY = YES;
				CLANG_WARN_ENUM_CONVERSION = YES;
				CLANG_WARN_INFINITE_RECURSION = YES;
				CLANG_WARN_INT_CONVERSION = YES;
				CLANG_WARN_NON_LITERAL_NULL_CONVERSION = YES;
				CLANG_WARN_OBJC_IMPLICIT_RETAIN_SELF = YES;
				CLANG_WARN_OBJC_LITERAL_CONVERSION = YES;
				CLANG_WARN_OBJC_ROOT_CLASS = YES_ERROR;
				CLANG_WARN_QUOTED_INCLUDE_IN_FRAMEWORK_HEADER = YES;
				CLANG_WARN_RANGE_LOOP_ANALYSIS = YES;
				CLANG_WARN_STRICT_PROTOTYPES = YES;
				CLANG_WARN_SUSPICIOUS_MOVE = YES;
				CLANG_WARN_UNGUARDED_AVAILABILITY = YES_AGGRESSIVE;
				CLANG_WARN_UNREACHABLE_CODE = YES;
				CLANG_WARN__DUPLICATE_METHOD_MATCH = YES;
				COPY_PHASE_STRIP = NO;
				DEBUG_INFORMATION_FORMAT = "dwarf-with-dsym";
				ENABLE_NS_ASSERTIONS = NO;
				ENABLE_STRICT_OBJC_MSGSEND = YES;
				GCC_C_LANGUAGE_STANDARD = gnu11;
				GCC_NO_COMMON_BLOCKS = YES;
				GCC_WARN_64_TO_32_BIT_CONVERSION = YES;
				GCC_WARN_ABOUT_RETURN_TYPE = YES_ERROR;
				GCC_WARN_UNDECLARED_SELECTOR = YES;
				GCC_WARN_UNINITIALIZED_AUTOS = YES_AGGRESSIVE;
				GCC_WARN_UNUSED_FUNCTION = YES;
				GCC_WARN_UNUSED_VARIABLE = YES;
				IPHONEOS_DEPLOYMENT_TARGET = 14.2;
				MTL_ENABLE_DEBUG_INFO = NO;
				MTL_FAST_MATH = YES;
				SDKROOT = iphoneos;
				SWIFT_COMPILATION_MODE = wholemodule;
				SWIFT_OPTIMIZATION_LEVEL = "-O";
				VALIDATE_PRODUCT = YES;
			};
			name = Release;
		};
		1D4E5FF425B5D3FE003BA24F /* Debug */ = {
			isa = XCBuildConfiguration;
			buildSettings = {
				ASSETCATALOG_COMPILER_APPICON_NAME = AppIcon;
				ASSETCATALOG_COMPILER_GLOBAL_ACCENT_COLOR_NAME = AccentColor;
				CODE_SIGN_STYLE = Automatic;
				INFOPLIST_FILE = ITBookShelf/Info.plist;
				LD_RUNPATH_SEARCH_PATHS = (
					"$(inherited)",
					"@executable_path/Frameworks",
				);
				OTHER_SWIFT_FLAGS = "-D DEBUG";
				PRODUCT_BUNDLE_IDENTIFIER = com.coffeedev.ITBookShelf;
				PRODUCT_NAME = "$(TARGET_NAME)";
				SWIFT_VERSION = 5.0;
				TARGETED_DEVICE_FAMILY = "1,2";
			};
			name = Debug;
		};
		1D4E5FF525B5D3FE003BA24F /* Release */ = {
			isa = XCBuildConfiguration;
			buildSettings = {
				ASSETCATALOG_COMPILER_APPICON_NAME = AppIcon;
				ASSETCATALOG_COMPILER_GLOBAL_ACCENT_COLOR_NAME = AccentColor;
				CODE_SIGN_STYLE = Automatic;
				INFOPLIST_FILE = ITBookShelf/Info.plist;
				LD_RUNPATH_SEARCH_PATHS = (
					"$(inherited)",
					"@executable_path/Frameworks",
				);
				OTHER_SWIFT_FLAGS = "-D DEBUG";
				PRODUCT_BUNDLE_IDENTIFIER = com.coffeedev.ITBookShelf;
				PRODUCT_NAME = "$(TARGET_NAME)";
				SWIFT_VERSION = 5.0;
				TARGETED_DEVICE_FAMILY = "1,2";
			};
			name = Release;
		};
		1D4E5FF725B5D3FE003BA24F /* Debug */ = {
			isa = XCBuildConfiguration;
			buildSettings = {
				ALWAYS_EMBED_SWIFT_STANDARD_LIBRARIES = YES;
				BUNDLE_LOADER = "$(TEST_HOST)";
				CODE_SIGN_STYLE = Automatic;
				INFOPLIST_FILE = ITBookShelfTests/Info.plist;
				IPHONEOS_DEPLOYMENT_TARGET = 14.2;
				LD_RUNPATH_SEARCH_PATHS = (
					"$(inherited)",
					"@executable_path/Frameworks",
					"@loader_path/Frameworks",
				);
				PRODUCT_BUNDLE_IDENTIFIER = com.coffeedev.ITBookShelfTests;
				PRODUCT_NAME = "$(TARGET_NAME)";
				SWIFT_VERSION = 5.0;
				TARGETED_DEVICE_FAMILY = "1,2";
				TEST_HOST = "$(BUILT_PRODUCTS_DIR)/ITBookShelf.app/ITBookShelf";
			};
			name = Debug;
		};
		1D4E5FF825B5D3FE003BA24F /* Release */ = {
			isa = XCBuildConfiguration;
			buildSettings = {
				ALWAYS_EMBED_SWIFT_STANDARD_LIBRARIES = YES;
				BUNDLE_LOADER = "$(TEST_HOST)";
				CODE_SIGN_STYLE = Automatic;
				INFOPLIST_FILE = ITBookShelfTests/Info.plist;
				IPHONEOS_DEPLOYMENT_TARGET = 14.2;
				LD_RUNPATH_SEARCH_PATHS = (
					"$(inherited)",
					"@executable_path/Frameworks",
					"@loader_path/Frameworks",
				);
				PRODUCT_BUNDLE_IDENTIFIER = com.coffeedev.ITBookShelfTests;
				PRODUCT_NAME = "$(TARGET_NAME)";
				SWIFT_VERSION = 5.0;
				TARGETED_DEVICE_FAMILY = "1,2";
				TEST_HOST = "$(BUILT_PRODUCTS_DIR)/ITBookShelf.app/ITBookShelf";
			};
			name = Release;
		};
/* End XCBuildConfiguration section */

/* Begin XCConfigurationList section */
		1D4E5FC425B5D3FC003BA24F /* Build configuration list for PBXProject "ITBookShelf" */ = {
			isa = XCConfigurationList;
			buildConfigurations = (
				1D4E5FF125B5D3FE003BA24F /* Debug */,
				1D4E5FF225B5D3FE003BA24F /* Release */,
			);
			defaultConfigurationIsVisible = 0;
			defaultConfigurationName = Release;
		};
		1D4E5FF325B5D3FE003BA24F /* Build configuration list for PBXNativeTarget "ITBookShelf" */ = {
			isa = XCConfigurationList;
			buildConfigurations = (
				1D4E5FF425B5D3FE003BA24F /* Debug */,
				1D4E5FF525B5D3FE003BA24F /* Release */,
			);
			defaultConfigurationIsVisible = 0;
			defaultConfigurationName = Release;
		};
		1D4E5FF625B5D3FE003BA24F /* Build configuration list for PBXNativeTarget "ITBookShelfTests" */ = {
			isa = XCConfigurationList;
			buildConfigurations = (
				1D4E5FF725B5D3FE003BA24F /* Debug */,
				1D4E5FF825B5D3FE003BA24F /* Release */,
			);
			defaultConfigurationIsVisible = 0;
			defaultConfigurationName = Release;
		};
/* End XCConfigurationList section */

/* Begin XCSwiftPackageProductDependency section */
		1DE410982647D7A9001013A5 /* CoreModular */ = {
			isa = XCSwiftPackageProductDependency;
			productName = CoreModular;
		};
/* End XCSwiftPackageProductDependency section */
	};
	rootObject = 1D4E5FC125B5D3FC003BA24F /* Project object */;
}
